
Microsoft Visual Studio Solution File, Format Version 12.00
# Visual Studio Version 17
VisualStudioVersion = 17.0.31903.59
MinimumVisualStudioVersion = 10.0.40219.1
Project("{FAE04EC0-301F-11D3-BF4B-00C04F79EFBC}") = "BoxPlanLib.Tests", "BoxPlanLib.Tests\BoxPlanLib.Tests.csproj", "{EEBCB302-EA5B-439B-8E33-6307DF590CA9}"
EndProject
Project("{FAE04EC0-301F-11D3-BF4B-00C04F79EFBC}") = "BoxPlanLib", "BoxPlanLib\BoxPlanLib.csproj", "{34608471-BDF3-4A60-99A0-86D7F925AA00}"
EndProject
Project("{FAE04EC0-301F-11D3-BF4B-00C04F79EFBC}") = "BoxPlanLib.Cli", "BoxPlanLib.Cli\BoxPlanLib.Cli.csproj", "{0268B160-DCFE-43E0-9264-2FBC79EE5555}"
EndProject
Project("{FAE04EC0-301F-11D3-BF4B-00C04F79EFBC}") = "BoxPlanWeb", "BoxPlanWeb\BoxPlanWeb.csproj", "{1F4B8E44-EC87-4378-B65D-D305A5F7CE02}"
EndProject
Global
	GlobalSection(SolutionConfigurationPlatforms) = preSolution
		Debug|Any CPU = Debug|Any CPU
		Debug|x64 = Debug|x64
		Debug|x86 = Debug|x86
		Release|Any CPU = Release|Any CPU
		Release|x64 = Release|x64
		Release|x86 = Release|x86
	EndGlobalSection
	GlobalSection(ProjectConfigurationPlatforms) = postSolution
		{EEBCB302-EA5B-439B-8E33-6307DF590CA9}.Debug|Any CPU.ActiveCfg = Debug|Any CPU
		{EEBCB302-EA5B-439B-8E33-6307DF590CA9}.Debug|Any CPU.Build.0 = Debug|Any CPU
		{EEBCB302-EA5B-439B-8E33-6307DF590CA9}.Debug|x64.ActiveCfg = Debug|Any CPU
		{EEBCB302-EA5B-439B-8E33-6307DF590CA9}.Debug|x64.Build.0 = Debug|Any CPU
		{EEBCB302-EA5B-439B-8E33-6307DF590CA9}.Debug|x86.ActiveCfg = Debug|Any CPU
		{EEBCB302-EA5B-439B-8E33-6307DF590CA9}.Debug|x86.Build.0 = Debug|Any CPU
		{EEBCB302-EA5B-439B-8E33-6307DF590CA9}.Release|Any CPU.ActiveCfg = Release|Any CPU
		{EEBCB302-EA5B-439B-8E33-6307DF590CA9}.Release|Any CPU.Build.0 = Release|Any CPU
		{EEBCB302-EA5B-439B-8E33-6307DF590CA9}.Release|x64.ActiveCfg = Release|Any CPU
		{EEBCB302-EA5B-439B-8E33-6307DF590CA9}.Release|x64.Build.0 = Release|Any CPU
		{EEBCB302-EA5B-439B-8E33-6307DF590CA9}.Release|x86.ActiveCfg = Release|Any CPU
		{EEBCB302-EA5B-439B-8E33-6307DF590CA9}.Release|x86.Build.0 = Release|Any CPU
		{34608471-BDF3-4A60-99A0-86D7F925AA00}.Debug|Any CPU.ActiveCfg = Debug|Any CPU
		{34608471-BDF3-4A60-99A0-86D7F925AA00}.Debug|Any CPU.Build.0 = Debug|Any CPU
		{34608471-BDF3-4A60-99A0-86D7F925AA00}.Debug|x64.ActiveCfg = Debug|Any CPU
		{34608471-BDF3-4A60-99A0-86D7F925AA00}.Debug|x64.Build.0 = Debug|Any CPU
		{34608471-BDF3-4A60-99A0-86D7F925AA00}.Debug|x86.ActiveCfg = Debug|Any CPU
		{34608471-BDF3-4A60-99A0-86D7F925AA00}.Debug|x86.Build.0 = Debug|Any CPU
		{34608471-BDF3-4A60-99A0-86D7F925AA00}.Release|Any CPU.ActiveCfg = Release|Any CPU
		{34608471-BDF3-4A60-99A0-86D7F925AA00}.Release|Any CPU.Build.0 = Release|Any CPU
		{34608471-BDF3-4A60-99A0-86D7F925AA00}.Release|x64.ActiveCfg = Release|Any CPU
		{34608471-BDF3-4A60-99A0-86D7F925AA00}.Release|x64.Build.0 = Release|Any CPU
		{34608471-BDF3-4A60-99A0-86D7F925AA00}.Release|x86.ActiveCfg = Release|Any CPU
		{34608471-BDF3-4A60-99A0-86D7F925AA00}.Release|x86.Build.0 = Release|Any CPU
		{0268B160-DCFE-43E0-9264-2FBC79EE5555}.Debug|Any CPU.ActiveCfg = Debug|Any CPU
		{0268B160-DCFE-43E0-9264-2FBC79EE5555}.Debug|Any CPU.Build.0 = Debug|Any CPU
		{0268B160-DCFE-43E0-9264-2FBC79EE5555}.Debug|x64.ActiveCfg = Debug|Any CPU
		{0268B160-DCFE-43E0-9264-2FBC79EE5555}.Debug|x64.Build.0 = Debug|Any CPU
		{0268B160-DCFE-43E0-9264-2FBC79EE5555}.Debug|x86.ActiveCfg = Debug|Any CPU
		{0268B160-DCFE-43E0-9264-2FBC79EE5555}.Debug|x86.Build.0 = Debug|Any CPU
		{0268B160-DCFE-43E0-9264-2FBC79EE5555}.Release|Any CPU.ActiveCfg = Release|Any CPU
		{0268B160-DCFE-43E0-9264-2FBC79EE5555}.Release|Any CPU.Build.0 = Release|Any CPU
		{0268B160-DCFE-43E0-9264-2FBC79EE5555}.Release|x64.ActiveCfg = Release|Any CPU
		{0268B160-DCFE-43E0-9264-2FBC79EE5555}.Release|x64.Build.0 = Release|Any CPU
		{0268B160-DCFE-43E0-9264-2FBC79EE5555}.Release|x86.ActiveCfg = Release|Any CPU
		{0268B160-DCFE-43E0-9264-2FBC79EE5555}.Release|x86.Build.0 = Release|Any CPU
		{1F4B8E44-EC87-4378-B65D-D305A5F7CE02}.Debug|Any CPU.ActiveCfg = Debug|Any CPU
		{1F4B8E44-EC87-4378-B65D-D305A5F7CE02}.Debug|Any CPU.Build.0 = Debug|Any CPU
		{1F4B8E44-EC87-4378-B65D-D305A5F7CE02}.Debug|x64.ActiveCfg = Debug|Any CPU
		{1F4B8E44-EC87-4378-B65D-D305A5F7CE02}.Debug|x64.Build.0 = Debug|Any CPU
		{1F4B8E44-EC87-4378-B65D-D305A5F7CE02}.Debug|x86.ActiveCfg = Debug|Any CPU
		{1F4B8E44-EC87-4378-B65D-D305A5F7CE02}.Debug|x86.Build.0 = Debug|Any CPU
		{1F4B8E44-EC87-4378-B65D-D305A5F7CE02}.Release|Any CPU.ActiveCfg = Release|Any CPU
		{1F4B8E44-EC87-4378-B65D-D305A5F7CE02}.Release|Any CPU.Build.0 = Release|Any CPU
		{1F4B8E44-EC87-4378-B65D-D305A5F7CE02}.Release|x64.ActiveCfg = Release|Any CPU
		{1F4B8E44-EC87-4378-B65D-D305A5F7CE02}.Release|x64.Build.0 = Release|Any CPU
		{1F4B8E44-EC87-4378-B65D-D305A5F7CE02}.Release|x86.ActiveCfg = Release|Any CPU
		{1F4B8E44-EC87-4378-B65D-D305A5F7CE02}.Release|x86.Build.0 = Release|Any CPU
	EndGlobalSection
	GlobalSection(SolutionProperties) = preSolution
		HideSolutionNode = FALSE
	EndGlobalSection
EndGlobal
